
Microsoft Visual Studio Solution File, Format Version 12.00
# Visual Studio 15
VisualStudioVersion = 15.0.26730.3
MinimumVisualStudioVersion = 10.0.40219.1
Project("{FAE04EC0-301F-11D3-BF4B-00C04F79EFBC}") = "EgyszamJatek", "EgyszamJatek\EgyszamJatek.csproj", "{ABDA80C0-535A-4574-AA76-FBA1B0AFDCBD}"
EndProject
Global
	GlobalSection(SolutionConfigurationPlatforms) = preSolution
		Debug|Any CPU = Debug|Any CPU
		Release|Any CPU = Release|Any CPU
	EndGlobalSection
	GlobalSection(ProjectConfigurationPlatforms) = postSolution
		{ABDA80C0-535A-4574-AA76-FBA1B0AFDCBD}.Debug|Any CPU.ActiveCfg = Debug|Any CPU
		{ABDA80C0-535A-4574-AA76-FBA1B0AFDCBD}.Debug|Any CPU.Build.0 = Debug|Any CPU
		{ABDA80C0-535A-4574-AA76-FBA1B0AFDCBD}.Release|Any CPU.ActiveCfg = Release|Any CPU
		{ABDA80C0-535A-4574-AA76-FBA1B0AFDCBD}.Release|Any CPU.Build.0 = Release|Any CPU
	EndGlobalSection
	GlobalSection(SolutionProperties) = preSolution
		HideSolutionNode = FALSE
	EndGlobalSection
	GlobalSection(ExtensibilityGlobals) = postSolution
		SolutionGuid = {6791BE9B-0FDE-488A-B4CA-EF105A0AF1A9}
	EndGlobalSection
EndGlobal
